
Microsoft Visual Studio Solution File, Format Version 12.00
# Visual Studio 15
VisualStudioVersion = 15.0.28307.1022
MinimumVisualStudioVersion = 10.0.40219.1
Project("{FAE04EC0-301F-11D3-BF4B-00C04F79EFBC}") = "DAN_LII_Dejan_Prodanovic", "DAN_LII_Dejan_Prodanovic\DAN_LII_Dejan_Prodanovic.csproj", "{6E15C9A6-E63B-4E2A-84AB-BF487E64625C}"
EndProject
Global
	GlobalSection(SolutionConfigurationPlatforms) = preSolution
		Debug|Any CPU = Debug|Any CPU
		Release|Any CPU = Release|Any CPU
	EndGlobalSection
	GlobalSection(ProjectConfigurationPlatforms) = postSolution
		{6E15C9A6-E63B-4E2A-84AB-BF487E64625C}.Debug|Any CPU.ActiveCfg = Debug|Any CPU
		{6E15C9A6-E63B-4E2A-84AB-BF487E64625C}.Debug|Any CPU.Build.0 = Debug|Any CPU
		{6E15C9A6-E63B-4E2A-84AB-BF487E64625C}.Release|Any CPU.ActiveCfg = Release|Any CPU
		{6E15C9A6-E63B-4E2A-84AB-BF487E64625C}.Release|Any CPU.Build.0 = Release|Any CPU
	EndGlobalSection
	GlobalSection(SolutionProperties) = preSolution
		HideSolutionNode = FALSE
	EndGlobalSection
	GlobalSection(ExtensibilityGlobals) = postSolution
		SolutionGuid = {9B9E5243-BC2F-43BF-84EE-2B21F279566D}
	EndGlobalSection
EndGlobal
